{
    "name": "todo-cli",
    "version": "1.0.0",
    "lockfileVersion": 3,
    "requires": true,
    "packages": {
        "": {
            "name": "todo-cli",
            "version": "1.0.0",
            "license": "ISC",
            "dependencies": {
                "commander": "^9.4.1",
                "uuid": "^9.0.0"
            }
        },
        "node_modules/commander": {
            "version": "9.4.1",
            "resolved": "https://registry.npmjs.org/commander/-/commander-9.4.1.tgz",
            "integrity": "sha512-5EEkTNyHNGFPD2H+c/dXXfQZYa/scCKasxWcXJaWnNJ99pnQN9Vnmqow+p+PlFPE63Q6mThaZws1T+HxfpgtPw==",
            "engines": {
                "node": "^12.20.0 || >=14"
            }
        },
        "node_modules/uuid": {
            "version": "9.0.0",
            "resolved": "https://registry.npmjs.org/uuid/-/uuid-9.0.0.tgz",
            "integrity": "sha512-MXcSTerfPa4uqyzStbRoTgt5XIe3x5+42+q1sDuy3R5MDk66URdLMOZe5aPX/SQd+kuYAh0FdP/pO28IkQyTeg==",
            "bin": {
                "uuid": "dist/bin/uuid"
            }
        }
    }
}
